# THIS IS AN AUTOGENERATED FILE. DO NOT EDIT THIS FILE DIRECTLY.
# yarn lockfile v1


"js-tokens@^3.0.0 || ^4.0.0":
  version "4.0.0"
  resolved "https://registry.yarnpkg.com/js-tokens/-/js-tokens-4.0.0.tgz#19203fb59991df98e3a287050d4647cdeaf32499"

loose-envify@^1.3.1:
  version "1.4.0"
  resolved "https://registry.yarnpkg.com/loose-envify/-/loose-envify-1.4.0.tgz#71ee51fa7be4caec1a63839f7e682d8132d30caf"
  dependencies:
    js-tokens "^3.0.0 || ^4.0.0"

object-assign@^4.1.1:
  version "4.1.1"
  resolved "https://registry.yarnpkg.com/object-assign/-/object-assign-4.1.1.tgz#2109adc7965887cfc05cbbd442cac8bfbb360863"

prop-types@^15.5.8, prop-types@^15.6.1:
  version "15.6.2"
  resolved "https://registry.yarnpkg.com/prop-types/-/prop-types-15.6.2.tgz#05d5ca77b4453e985d60fc7ff8c859094a497102"
  dependencies:
    loose-envify "^1.3.1"
    object-assign "^4.1.1"

react-infinite-scroller@^1.2.1:
  version "1.2.1"
  resolved "https://registry.yarnpkg.com/react-infinite-scroller/-/react-infinite-scroller-1.2.1.tgz#1a8c39a4f752799cdc989635018dd9e341242b5e"
  dependencies:
    prop-types "^15.5.8"

react-paginate@^5.2.4:
  version "5.2.4"
  resolved "https://registry.yarnpkg.com/react-paginate/-/react-paginate-5.2.4.tgz#0a4d6d468ebb1795d0581bd4fc930ad57a86ae14"
  dependencies:
    prop-types "^15.6.1"
